// !$*UTF8*$!
{
	archiveVersion = 1;
	classes = {
	};
	objectVersion = 50;
	objects = {

/* Begin PBXBuildFile section */
		748BF0E721EF819500717F3E /* Card.swift in Sources */ = {isa = PBXBuildFile; fileRef = 748BF0E621EF819500717F3E /* Card.swift */; };
		748BF0E921EF99D000717F3E /* Deck.swift in Sources */ = {isa = PBXBuildFile; fileRef = 748BF0E821EF99D000717F3E /* Deck.swift */; };
		74BB8ECE21EE419A00332026 /* AppDelegate.swift in Sources */ = {isa = PBXBuildFile; fileRef = 74BB8ECD21EE419A00332026 /* AppDelegate.swift */; };
		74BB8ED021EE419A00332026 /* ViewController.swift in Sources */ = {isa = PBXBuildFile; fileRef = 74BB8ECF21EE419A00332026 /* ViewController.swift */; };
		74BB8ED321EE419A00332026 /* Main.storyboard in Resources */ = {isa = PBXBuildFile; fileRef = 74BB8ED121EE419A00332026 /* Main.storyboard */; };
		74BB8ED621EE419A00332026 /* SlapJack.xcdatamodeld in Sources */ = {isa = PBXBuildFile; fileRef = 74BB8ED421EE419A00332026 /* SlapJack.xcdatamodeld */; };
		74BB8ED821EE419C00332026 /* Assets.xcassets in Resources */ = {isa = PBXBuildFile; fileRef = 74BB8ED721EE419C00332026 /* Assets.xcassets */; };
		74BB8EDB21EE419C00332026 /* LaunchScreen.storyboard in Resources */ = {isa = PBXBuildFile; fileRef = 74BB8ED921EE419C00332026 /* LaunchScreen.storyboard */; };
		74BB8EE321EE49EB00332026 /* ButtonDesign.swift in Sources */ = {isa = PBXBuildFile; fileRef = 74BB8EE221EE49EB00332026 /* ButtonDesign.swift */; };
		74BB8EE521EE4DEE00332026 /* ViewBackground.swift in Sources */ = {isa = PBXBuildFile; fileRef = 74BB8EE421EE4DEE00332026 /* ViewBackground.swift */; };
		74BB8EE921EEDB5300332026 /* Stack.swift in Sources */ = {isa = PBXBuildFile; fileRef = 74BB8EE821EEDB5300332026 /* Stack.swift */; };
		74BB8EED21EEDCBD00332026 /* NetworkController.swift in Sources */ = {isa = PBXBuildFile; fileRef = 74BB8EEC21EEDCBD00332026 /* NetworkController.swift */; };
		74BB8EEF21EEDFB800332026 /* ViewDesign.swift in Sources */ = {isa = PBXBuildFile; fileRef = 74BB8EEE21EEDFB800332026 /* ViewDesign.swift */; };
		74BB8EF121EF7A9F00332026 /* DeckController.swift in Sources */ = {isa = PBXBuildFile; fileRef = 74BB8EF021EF7A9F00332026 /* DeckController.swift */; };
/* End PBXBuildFile section */

/* Begin PBXFileReference section */
		748BF0E621EF819500717F3E /* Card.swift */ = {isa = PBXFileReference; lastKnownFileType = sourcecode.swift; path = Card.swift; sourceTree = "<group>"; };
		748BF0E821EF99D000717F3E /* Deck.swift */ = {isa = PBXFileReference; lastKnownFileType = sourcecode.swift; path = Deck.swift; sourceTree = "<group>"; };
		74BB8ECA21EE419A00332026 /* SlapJack.app */ = {isa = PBXFileReference; explicitFileType = wrapper.application; includeInIndex = 0; path = SlapJack.app; sourceTree = BUILT_PRODUCTS_DIR; };
		74BB8ECD21EE419A00332026 /* AppDelegate.swift */ = {isa = PBXFileReference; lastKnownFileType = sourcecode.swift; path = AppDelegate.swift; sourceTree = "<group>"; };
		74BB8ECF21EE419A00332026 /* ViewController.swift */ = {isa = PBXFileReference; lastKnownFileType = sourcecode.swift; path = ViewController.swift; sourceTree = "<group>"; };
		74BB8ED221EE419A00332026 /* Base */ = {isa = PBXFileReference; lastKnownFileType = file.storyboard; name = Base; path = Base.lproj/Main.storyboard; sourceTree = "<group>"; };
		74BB8ED521EE419A00332026 /* SlapJack.xcdatamodel */ = {isa = PBXFileReference; lastKnownFileType = wrapper.xcdatamodel; path = SlapJack.xcdatamodel; sourceTree = "<group>"; };
		74BB8ED721EE419C00332026 /* Assets.xcassets */ = {isa = PBXFileReference; lastKnownFileType = folder.assetcatalog; path = Assets.xcassets; sourceTree = "<group>"; };
		74BB8EDA21EE419C00332026 /* Base */ = {isa = PBXFileReference; lastKnownFileType = file.storyboard; name = Base; path = Base.lproj/LaunchScreen.storyboard; sourceTree = "<group>"; };
		74BB8EDC21EE419C00332026 /* Info.plist */ = {isa = PBXFileReference; lastKnownFileType = text.plist.xml; path = Info.plist; sourceTree = "<group>"; };
		74BB8EE221EE49EB00332026 /* ButtonDesign.swift */ = {isa = PBXFileReference; lastKnownFileType = sourcecode.swift; path = ButtonDesign.swift; sourceTree = "<group>"; };
		74BB8EE421EE4DEE00332026 /* ViewBackground.swift */ = {isa = PBXFileReference; lastKnownFileType = sourcecode.swift; path = ViewBackground.swift; sourceTree = "<group>"; };
		74BB8EE821EEDB5300332026 /* Stack.swift */ = {isa = PBXFileReference; lastKnownFileType = sourcecode.swift; path = Stack.swift; sourceTree = "<group>"; };
		74BB8EEC21EEDCBD00332026 /* NetworkController.swift */ = {isa = PBXFileReference; lastKnownFileType = sourcecode.swift; path = NetworkController.swift; sourceTree = "<group>"; };
		74BB8EEE21EEDFB800332026 /* ViewDesign.swift */ = {isa = PBXFileReference; lastKnownFileType = sourcecode.swift; path = ViewDesign.swift; sourceTree = "<group>"; };
		74BB8EF021EF7A9F00332026 /* DeckController.swift */ = {isa = PBXFileReference; lastKnownFileType = sourcecode.swift; path = DeckController.swift; sourceTree = "<group>"; };
/* End PBXFileReference section */

/* Begin PBXFrameworksBuildPhase section */
		74BB8EC721EE419A00332026 /* Frameworks */ = {
			isa = PBXFrameworksBuildPhase;
			buildActionMask = 2147483647;
			files = (
			);
			runOnlyForDeploymentPostprocessing = 0;
		};
/* End PBXFrameworksBuildPhase section */

/* Begin PBXGroup section */
		74BB8EC121EE419A00332026 = {
			isa = PBXGroup;
			children = (
				74BB8ECC21EE419A00332026 /* SlapJack */,
				74BB8ECB21EE419A00332026 /* Products */,
			);
			sourceTree = "<group>";
		};
		74BB8ECB21EE419A00332026 /* Products */ = {
			isa = PBXGroup;
			children = (
				74BB8ECA21EE419A00332026 /* SlapJack.app */,
			);
			name = Products;
			sourceTree = "<group>";
		};
		74BB8ECC21EE419A00332026 /* SlapJack */ = {
			isa = PBXGroup;
			children = (
				74BB8ECD21EE419A00332026 /* AppDelegate.swift */,
				74BB8EEB21EEDC5700332026 /* Controllers */,
				74BB8EEA21EEDC1C00332026 /* Views */,
				74BB8EE721EEDB3D00332026 /* Model */,
				74BB8ED721EE419C00332026 /* Assets.xcassets */,
				74BB8EDC21EE419C00332026 /* Info.plist */,
			);
			path = SlapJack;
			sourceTree = "<group>";
		};
		74BB8EE621EE606200332026 /* UI Design */ = {
			isa = PBXGroup;
			children = (
				74BB8EE221EE49EB00332026 /* ButtonDesign.swift */,
				74BB8EEE21EEDFB800332026 /* ViewDesign.swift */,
				74BB8EE421EE4DEE00332026 /* ViewBackground.swift */,
			);
			path = "UI Design";
			sourceTree = "<group>";
		};
		74BB8EE721EEDB3D00332026 /* Model */ = {
			isa = PBXGroup;
			children = (
				74BB8ED421EE419A00332026 /* SlapJack.xcdatamodeld */,
				74BB8EE821EEDB5300332026 /* Stack.swift */,
				748BF0E821EF99D000717F3E /* Deck.swift */,
				748BF0E621EF819500717F3E /* Card.swift */,
			);
			path = Model;
			sourceTree = "<group>";
		};
		74BB8EEA21EEDC1C00332026 /* Views */ = {
			isa = PBXGroup;
			children = (
				74BB8ED121EE419A00332026 /* Main.storyboard */,
				74BB8ED921EE419C00332026 /* LaunchScreen.storyboard */,
				74BB8EE621EE606200332026 /* UI Design */,
			);
			path = Views;
			sourceTree = "<group>";
		};
		74BB8EEB21EEDC5700332026 /* Controllers */ = {
			isa = PBXGroup;
			children = (
				74BB8ECF21EE419A00332026 /* ViewController.swift */,
				74BB8EF021EF7A9F00332026 /* DeckController.swift */,
				74BB8EEC21EEDCBD00332026 /* NetworkController.swift */,
			);
			path = Controllers;
			sourceTree = "<group>";
		};
/* End PBXGroup section */

/* Begin PBXNativeTarget section */
		74BB8EC921EE419A00332026 /* SlapJack */ = {
			isa = PBXNativeTarget;
			buildConfigurationList = 74BB8EDF21EE419C00332026 /* Build configuration list for PBXNativeTarget "SlapJack" */;
			buildPhases = (
				74BB8EC621EE419A00332026 /* Sources */,
				74BB8EC721EE419A00332026 /* Frameworks */,
				74BB8EC821EE419A00332026 /* Resources */,
			);
			buildRules = (
			);
			dependencies = (
			);
			name = SlapJack;
			productName = SlapJack;
			productReference = 74BB8ECA21EE419A00332026 /* SlapJack.app */;
			productType = "com.apple.product-type.application";
		};
/* End PBXNativeTarget section */

/* Begin PBXProject section */
		74BB8EC221EE419A00332026 /* Project object */ = {
			isa = PBXProject;
			attributes = {
				LastSwiftUpdateCheck = 1010;
				LastUpgradeCheck = 1010;
				ORGANIZATIONNAME = "Gabriel Blaine Palmer";
				TargetAttributes = {
					74BB8EC921EE419A00332026 = {
						CreatedOnToolsVersion = 10.1;
					};
				};
			};
			buildConfigurationList = 74BB8EC521EE419A00332026 /* Build configuration list for PBXProject "SlapJack" */;
			compatibilityVersion = "Xcode 9.3";
			developmentRegion = en;
			hasScannedForEncodings = 0;
			knownRegions = (
				en,
				Base,
			);
			mainGroup = 74BB8EC121EE419A00332026;
			productRefGroup = 74BB8ECB21EE419A00332026 /* Products */;
			projectDirPath = "";
			projectRoot = "";
			targets = (
				74BB8EC921EE419A00332026 /* SlapJack */,
			);
		};
/* End PBXProject section */

/* Begin PBXResourcesBuildPhase section */
		74BB8EC821EE419A00332026 /* Resources */ = {
			isa = PBXResourcesBuildPhase;
			buildActionMask = 2147483647;
			files = (
				74BB8EDB21EE419C00332026 /* LaunchScreen.storyboard in Resources */,
				74BB8ED821EE419C00332026 /* Assets.xcassets in Resources */,
				74BB8ED321EE419A00332026 /* Main.storyboard in Resources */,
			);
			runOnlyForDeploymentPostprocessing = 0;
		};
/* End PBXResourcesBuildPhase section */

/* Begin PBXSourcesBuildPhase section */
		74BB8EC621EE419A00332026 /* Sources */ = {
			isa = PBXSourcesBuildPhase;
			buildActionMask = 2147483647;
			files = (
				74BB8EF121EF7A9F00332026 /* DeckController.swift in Sources */,
				74BB8EEF21EEDFB800332026 /* ViewDesign.swift in Sources */,
				74BB8EE321EE49EB00332026 /* ButtonDesign.swift in Sources */,
				74BB8ED021EE419A00332026 /* ViewController.swift in Sources */,
				74BB8ECE21EE419A00332026 /* AppDelegate.swift in Sources */,
				74BB8ED621EE419A00332026 /* SlapJack.xcdatamodeld in Sources */,
				74BB8EE921EEDB5300332026 /* Stack.swift in Sources */,
				748BF0E721EF819500717F3E /* Card.swift in Sources */,
				74BB8EED21EEDCBD00332026 /* NetworkController.swift in Sources */,
				748BF0E921EF99D000717F3E /* Deck.swift in Sources */,
				74BB8EE521EE4DEE00332026 /* ViewBackground.swift in Sources */,
			);
			runOnlyForDeploymentPostprocessing = 0;
		};
/* End PBXSourcesBuildPhase section */

/* Begin PBXVariantGroup section */
		74BB8ED121EE419A00332026 /* Main.storyboard */ = {
			isa = PBXVariantGroup;
			children = (
				74BB8ED221EE419A00332026 /* Base */,
			);
			name = Main.storyboard;
			sourceTree = "<group>";
		};
		74BB8ED921EE419C00332026 /* LaunchScreen.storyboard */ = {
			isa = PBXVariantGroup;
			children = (
				74BB8EDA21EE419C00332026 /* Base */,
			);
			name = LaunchScreen.storyboard;
			sourceTree = "<group>";
		};
/* End PBXVariantGroup section */

/* Begin XCBuildConfiguration section */
		74BB8EDD21EE419C00332026 /* Debug */ = {
			isa = XCBuildConfiguration;
			buildSettings = {
				ALWAYS_SEARCH_USER_PATHS = NO;
				CLANG_ANALYZER_NONNULL = YES;
				CLANG_ANALYZER_NUMBER_OBJECT_CONVERSION = YES_AGGRESSIVE;
				CLANG_CXX_LANGUAGE_STANDARD = "gnu++14";
				CLANG_CXX_LIBRARY = "libc++";
				CLANG_ENABLE_MODULES = YES;
				CLANG_ENABLE_OBJC_ARC = YES;
				CLANG_ENABLE_OBJC_WEAK = YES;
				CLANG_WARN_BLOCK_CAPTURE_AUTORELEASING = YES;
				CLANG_WARN_BOOL_CONVERSION = YES;
				CLANG_WARN_COMMA = YES;
				CLANG_WARN_CONSTANT_CONVERSION = YES;
				CLANG_WARN_DEPRECATED_OBJC_IMPLEMENTATIONS = YES;
				CLANG_WARN_DIRECT_OBJC_ISA_USAGE = YES_ERROR;
				CLANG_WARN_DOCUMENTATION_COMMENTS = YES;
				CLANG_WARN_EMPTY_BODY = YES;
				CLANG_WARN_ENUM_CONVERSION = YES;
				CLANG_WARN_INFINITE_RECURSION = YES;
				CLANG_WARN_INT_CONVERSION = YES;
				CLANG_WARN_NON_LITERAL_NULL_CONVERSION = YES;
				CLANG_WARN_OBJC_IMPLICIT_RETAIN_SELF = YES;
				CLANG_WARN_OBJC_LITERAL_CONVERSION = YES;
				CLANG_WARN_OBJC_ROOT_CLASS = YES_ERROR;
				CLANG_WARN_RANGE_LOOP_ANALYSIS = YES;
				CLANG_WARN_STRICT_PROTOTYPES = YES;
				CLANG_WARN_SUSPICIOUS_MOVE = YES;
				CLANG_WARN_UNGUARDED_AVAILABILITY = YES_AGGRESSIVE;
				CLANG_WARN_UNREACHABLE_CODE = YES;
				CLANG_WARN__DUPLICATE_METHOD_MATCH = YES;
				CODE_SIGN_IDENTITY = "iPhone Developer";
				COPY_PHASE_STRIP = NO;
				DEBUG_INFORMATION_FORMAT = dwarf;
				ENABLE_STRICT_OBJC_MSGSEND = YES;
				ENABLE_TESTABILITY = YES;
				GCC_C_LANGUAGE_STANDARD = gnu11;
				GCC_DYNAMIC_NO_PIC = NO;
				GCC_NO_COMMON_BLOCKS = YES;
				GCC_OPTIMIZATION_LEVEL = 0;
				GCC_PREPROCESSOR_DEFINITIONS = (
					"DEBUG=1",
					"$(inherited)",
				);
				GCC_WARN_64_TO_32_BIT_CONVERSION = YES;
				GCC_WARN_ABOUT_RETURN_TYPE = YES_ERROR;
				GCC_WARN_UNDECLARED_SELECTOR = YES;
				GCC_WARN_UNINITIALIZED_AUTOS = YES_AGGRESSIVE;
				GCC_WARN_UNUSED_FUNCTION = YES;
				GCC_WARN_UNUSED_VARIABLE = YES;
				IPHONEOS_DEPLOYMENT_TARGET = 12.1;
				MTL_ENABLE_DEBUG_INFO = INCLUDE_SOURCE;
				MTL_FAST_MATH = YES;
				ONLY_ACTIVE_ARCH = YES;
				SDKROOT = iphoneos;
				SWIFT_ACTIVE_COMPILATION_CONDITIONS = DEBUG;
				SWIFT_OPTIMIZATION_LEVEL = "-Onone";
			};
			name = Debug;
		};
		74BB8EDE21EE419C00332026 /* Release */ = {
			isa = XCBuildConfiguration;
			buildSettings = {
				ALWAYS_SEARCH_USER_PATHS = NO;
				CLANG_ANALYZER_NONNULL = YES;
				CLANG_ANALYZER_NUMBER_OBJECT_CONVERSION = YES_AGGRESSIVE;
				CLANG_CXX_LANGUAGE_STANDARD = "gnu++14";
				CLANG_CXX_LIBRARY = "libc++";
				CLANG_ENABLE_MODULES = YES;
				CLANG_ENABLE_OBJC_ARC = YES;
				CLANG_ENABLE_OBJC_WEAK = YES;
				CLANG_WARN_BLOCK_CAPTURE_AUTORELEASING = YES;
				CLANG_WARN_BOOL_CONVERSION = YES;
				CLANG_WARN_COMMA = YES;
				CLANG_WARN_CONSTANT_CONVERSION = YES;
				CLANG_WARN_DEPRECATED_OBJC_IMPLEMENTATIONS = YES;
				CLANG_WARN_DIRECT_OBJC_ISA_USAGE = YES_ERROR;
				CLANG_WARN_DOCUMENTATION_COMMENTS = YES;
				CLANG_WARN_EMPTY_BODY = YES;
				CLANG_WARN_ENUM_CONVERSION = YES;
				CLANG_WARN_INFINITE_RECURSION = YES;
				CLANG_WARN_INT_CONVERSION = YES;
				CLANG_WARN_NON_LITERAL_NULL_CONVERSION = YES;
				CLANG_WARN_OBJC_IMPLICIT_RETAIN_SELF = YES;
				CLANG_WARN_OBJC_LITERAL_CONVERSION = YES;
				CLANG_WARN_OBJC_ROOT_CLASS = YES_ERROR;
				CLANG_WARN_RANGE_LOOP_ANALYSIS = YES;
				CLANG_WARN_STRICT_PROTOTYPES = YES;
				CLANG_WARN_SUSPICIOUS_MOVE = YES;
				CLANG_WARN_UNGUARDED_AVAILABILITY = YES_AGGRESSIVE;
				CLANG_WARN_UNREACHABLE_CODE = YES;
				CLANG_WARN__DUPLICATE_METHOD_MATCH = YES;
				CODE_SIGN_IDENTITY = "iPhone Developer";
				COPY_PHASE_STRIP = NO;
				DEBUG_INFORMATION_FORMAT = "dwarf-with-dsym";
				ENABLE_NS_ASSERTIONS = NO;
				ENABLE_STRICT_OBJC_MSGSEND = YES;
				GCC_C_LANGUAGE_STANDARD = gnu11;
				GCC_NO_COMMON_BLOCKS = YES;
				GCC_WARN_64_TO_32_BIT_CONVERSION = YES;
				GCC_WARN_ABOUT_RETURN_TYPE = YES_ERROR;
				GCC_WARN_UNDECLARED_SELECTOR = YES;
				GCC_WARN_UNINITIALIZED_AUTOS = YES_AGGRESSIVE;
				GCC_WARN_UNUSED_FUNCTION = YES;
				GCC_WARN_UNUSED_VARIABLE = YES;
				IPHONEOS_DEPLOYMENT_TARGET = 12.1;
				MTL_ENABLE_DEBUG_INFO = NO;
				MTL_FAST_MATH = YES;
				SDKROOT = iphoneos;
				SWIFT_COMPILATION_MODE = wholemodule;
				SWIFT_OPTIMIZATION_LEVEL = "-O";
				VALIDATE_PRODUCT = YES;
			};
			name = Release;
		};
		74BB8EE021EE419C00332026 /* Debug */ = {
			isa = XCBuildConfiguration;
			buildSettings = {
				ASSETCATALOG_COMPILER_APPICON_NAME = AppIcon;
				CODE_SIGN_STYLE = Automatic;
				INFOPLIST_FILE = SlapJack/Info.plist;
				LD_RUNPATH_SEARCH_PATHS = (
					"$(inherited)",
					"@executable_path/Frameworks",
				);
				PRODUCT_BUNDLE_IDENTIFIER = GabrielPalmer.SlapJack;
				PRODUCT_NAME = "$(TARGET_NAME)";
				SWIFT_VERSION = 4.2;
				TARGETED_DEVICE_FAMILY = "1,2";
			};
			name = Debug;
		};
		74BB8EE121EE419C00332026 /* Release */ = {
			isa = XCBuildConfiguration;
			buildSettings = {
				ASSETCATALOG_COMPILER_APPICON_NAME = AppIcon;
				CODE_SIGN_STYLE = Automatic;
				INFOPLIST_FILE = SlapJack/Info.plist;
				LD_RUNPATH_SEARCH_PATHS = (
					"$(inherited)",
					"@executable_path/Frameworks",
				);
				PRODUCT_BUNDLE_IDENTIFIER = GabrielPalmer.SlapJack;
				PRODUCT_NAME = "$(TARGET_NAME)";
				SWIFT_VERSION = 4.2;
				TARGETED_DEVICE_FAMILY = "1,2";
			};
			name = Release;
		};
/* End XCBuildConfiguration section */

/* Begin XCConfigurationList section */
		74BB8EC521EE419A00332026 /* Build configuration list for PBXProject "SlapJack" */ = {
			isa = XCConfigurationList;
			buildConfigurations = (
				74BB8EDD21EE419C00332026 /* Debug */,
				74BB8EDE21EE419C00332026 /* Release */,
			);
			defaultConfigurationIsVisible = 0;
			defaultConfigurationName = Release;
		};
		74BB8EDF21EE419C00332026 /* Build configuration list for PBXNativeTarget "SlapJack" */ = {
			isa = XCConfigurationList;
			buildConfigurations = (
				74BB8EE021EE419C00332026 /* Debug */,
				74BB8EE121EE419C00332026 /* Release */,
			);
			defaultConfigurationIsVisible = 0;
			defaultConfigurationName = Release;
		};
/* End XCConfigurationList section */

/* Begin XCVersionGroup section */
		74BB8ED421EE419A00332026 /* SlapJack.xcdatamodeld */ = {
			isa = XCVersionGroup;
			children = (
				74BB8ED521EE419A00332026 /* SlapJack.xcdatamodel */,
			);
			currentVersion = 74BB8ED521EE419A00332026 /* SlapJack.xcdatamodel */;
			path = SlapJack.xcdatamodeld;
			sourceTree = "<group>";
			versionGroupType = wrapper.xcdatamodel;
		};
/* End XCVersionGroup section */
	};
	rootObject = 74BB8EC221EE419A00332026 /* Project object */;
}
